
Microsoft Visual Studio Solution File, Format Version 12.00
# Visual Studio 2013
VisualStudioVersion = 12.0.31101.0
MinimumVisualStudioVersion = 10.0.40219.1
Project("{FAE04EC0-301F-11D3-BF4B-00C04F79EFBC}") = "Cuemon", "Cuemon\Cuemon.csproj", "{EAD7AC4F-B064-4959-8C6D-E90A3021E8EA}"
EndProject
Project("{FAE04EC0-301F-11D3-BF4B-00C04F79EFBC}") = "Cuemon.Data", "Cuemon.Data\Cuemon.Data.csproj", "{53A4A935-B2FE-424A-8CF8-46B7F38EF0EB}"
	ProjectSection(ProjectDependencies) = postProject
		{EAD7AC4F-B064-4959-8C6D-E90A3021E8EA} = {EAD7AC4F-B064-4959-8C6D-E90A3021E8EA}
		{C789D3DF-3CC6-47C1-825A-65245A255BB9} = {C789D3DF-3CC6-47C1-825A-65245A255BB9}
	EndProjectSection
EndProject
Project("{FAE04EC0-301F-11D3-BF4B-00C04F79EFBC}") = "Cuemon.Web", "Cuemon.Web\Cuemon.Web.csproj", "{3B7C19D2-D09B-4F8A-BE18-0A755971C0B3}"
	ProjectSection(ProjectDependencies) = postProject
		{EAD7AC4F-B064-4959-8C6D-E90A3021E8EA} = {EAD7AC4F-B064-4959-8C6D-E90A3021E8EA}
		{C789D3DF-3CC6-47C1-825A-65245A255BB9} = {C789D3DF-3CC6-47C1-825A-65245A255BB9}
	EndProjectSection
EndProject
Project("{FAE04EC0-301F-11D3-BF4B-00C04F79EFBC}") = "Cuemon.Xml", "Cuemon.Xml\Cuemon.Xml.csproj", "{C789D3DF-3CC6-47C1-825A-65245A255BB9}"
	ProjectSection(ProjectDependencies) = postProject
		{EAD7AC4F-B064-4959-8C6D-E90A3021E8EA} = {EAD7AC4F-B064-4959-8C6D-E90A3021E8EA}
	EndProjectSection
EndProject
Project("{FAE04EC0-301F-11D3-BF4B-00C04F79EFBC}") = "Cuemon.Data.Entity", "Cuemon.Data.Entity\Cuemon.Data.Entity.csproj", "{49223F4E-B4B6-4C4E-98AA-692600A46F21}"
	ProjectSection(ProjectDependencies) = postProject
		{53A4A935-B2FE-424A-8CF8-46B7F38EF0EB} = {53A4A935-B2FE-424A-8CF8-46B7F38EF0EB}
		{EAD7AC4F-B064-4959-8C6D-E90A3021E8EA} = {EAD7AC4F-B064-4959-8C6D-E90A3021E8EA}
		{C789D3DF-3CC6-47C1-825A-65245A255BB9} = {C789D3DF-3CC6-47C1-825A-65245A255BB9}
	EndProjectSection
EndProject
Project("{FAE04EC0-301F-11D3-BF4B-00C04F79EFBC}") = "Cuemon.Data.SqlCeClient", "Cuemon.Data.SqlCeClient\Cuemon.Data.SqlCeClient.csproj", "{AE6B41CE-9147-4AE9-B41B-ABA9E9BF211B}"
	ProjectSection(ProjectDependencies) = postProject
		{53A4A935-B2FE-424A-8CF8-46B7F38EF0EB} = {53A4A935-B2FE-424A-8CF8-46B7F38EF0EB}
		{EAD7AC4F-B064-4959-8C6D-E90A3021E8EA} = {EAD7AC4F-B064-4959-8C6D-E90A3021E8EA}
	EndProjectSection
EndProject
Project("{FAE04EC0-301F-11D3-BF4B-00C04F79EFBC}") = "Cuemon.Data.Entity.SqlCeClient", "Cuemon.Data.Entity.SqlCeClient\Cuemon.Data.Entity.SqlCeClient.csproj", "{A903B5AC-8549-4517-97B9-B78B561690ED}"
	ProjectSection(ProjectDependencies) = postProject
		{53A4A935-B2FE-424A-8CF8-46B7F38EF0EB} = {53A4A935-B2FE-424A-8CF8-46B7F38EF0EB}
		{49223F4E-B4B6-4C4E-98AA-692600A46F21} = {49223F4E-B4B6-4C4E-98AA-692600A46F21}
		{EAD7AC4F-B064-4959-8C6D-E90A3021E8EA} = {EAD7AC4F-B064-4959-8C6D-E90A3021E8EA}
		{AE6B41CE-9147-4AE9-B41B-ABA9E9BF211B} = {AE6B41CE-9147-4AE9-B41B-ABA9E9BF211B}
		{C789D3DF-3CC6-47C1-825A-65245A255BB9} = {C789D3DF-3CC6-47C1-825A-65245A255BB9}
	EndProjectSection
EndProject
Project("{FAE04EC0-301F-11D3-BF4B-00C04F79EFBC}") = "Cuemon.ServiceModel", "Cuemon.ServiceModel\Cuemon.ServiceModel.csproj", "{DF780A20-8704-41B1-955B-59CF64950B14}"
EndProject
Global
	GlobalSection(SolutionConfigurationPlatforms) = preSolution
		Debug|Any CPU = Debug|Any CPU
		Release|Any CPU = Release|Any CPU
	EndGlobalSection
	GlobalSection(ProjectConfigurationPlatforms) = postSolution
		{EAD7AC4F-B064-4959-8C6D-E90A3021E8EA}.Debug|Any CPU.ActiveCfg = Debug|Any CPU
		{EAD7AC4F-B064-4959-8C6D-E90A3021E8EA}.Debug|Any CPU.Build.0 = Debug|Any CPU
		{EAD7AC4F-B064-4959-8C6D-E90A3021E8EA}.Release|Any CPU.ActiveCfg = Release|Any CPU
		{EAD7AC4F-B064-4959-8C6D-E90A3021E8EA}.Release|Any CPU.Build.0 = Release|Any CPU
		{53A4A935-B2FE-424A-8CF8-46B7F38EF0EB}.Debug|Any CPU.ActiveCfg = Debug|Any CPU
		{53A4A935-B2FE-424A-8CF8-46B7F38EF0EB}.Debug|Any CPU.Build.0 = Debug|Any CPU
		{53A4A935-B2FE-424A-8CF8-46B7F38EF0EB}.Release|Any CPU.ActiveCfg = Release|Any CPU
		{53A4A935-B2FE-424A-8CF8-46B7F38EF0EB}.Release|Any CPU.Build.0 = Release|Any CPU
		{3B7C19D2-D09B-4F8A-BE18-0A755971C0B3}.Debug|Any CPU.ActiveCfg = Debug|Any CPU
		{3B7C19D2-D09B-4F8A-BE18-0A755971C0B3}.Debug|Any CPU.Build.0 = Debug|Any CPU
		{3B7C19D2-D09B-4F8A-BE18-0A755971C0B3}.Release|Any CPU.ActiveCfg = Release|Any CPU
		{3B7C19D2-D09B-4F8A-BE18-0A755971C0B3}.Release|Any CPU.Build.0 = Release|Any CPU
		{C789D3DF-3CC6-47C1-825A-65245A255BB9}.Debug|Any CPU.ActiveCfg = Debug|Any CPU
		{C789D3DF-3CC6-47C1-825A-65245A255BB9}.Debug|Any CPU.Build.0 = Debug|Any CPU
		{C789D3DF-3CC6-47C1-825A-65245A255BB9}.Release|Any CPU.ActiveCfg = Release|Any CPU
		{C789D3DF-3CC6-47C1-825A-65245A255BB9}.Release|Any CPU.Build.0 = Release|Any CPU
		{49223F4E-B4B6-4C4E-98AA-692600A46F21}.Debug|Any CPU.ActiveCfg = Debug|Any CPU
		{49223F4E-B4B6-4C4E-98AA-692600A46F21}.Debug|Any CPU.Build.0 = Debug|Any CPU
		{49223F4E-B4B6-4C4E-98AA-692600A46F21}.Release|Any CPU.ActiveCfg = Release|Any CPU
		{49223F4E-B4B6-4C4E-98AA-692600A46F21}.Release|Any CPU.Build.0 = Release|Any CPU
		{AE6B41CE-9147-4AE9-B41B-ABA9E9BF211B}.Debug|Any CPU.ActiveCfg = Debug|Any CPU
		{AE6B41CE-9147-4AE9-B41B-ABA9E9BF211B}.Debug|Any CPU.Build.0 = Debug|Any CPU
		{AE6B41CE-9147-4AE9-B41B-ABA9E9BF211B}.Release|Any CPU.ActiveCfg = Release|Any CPU
		{AE6B41CE-9147-4AE9-B41B-ABA9E9BF211B}.Release|Any CPU.Build.0 = Release|Any CPU
		{A903B5AC-8549-4517-97B9-B78B561690ED}.Debug|Any CPU.ActiveCfg = Debug|Any CPU
		{A903B5AC-8549-4517-97B9-B78B561690ED}.Debug|Any CPU.Build.0 = Debug|Any CPU
		{A903B5AC-8549-4517-97B9-B78B561690ED}.Release|Any CPU.ActiveCfg = Release|Any CPU
		{A903B5AC-8549-4517-97B9-B78B561690ED}.Release|Any CPU.Build.0 = Release|Any CPU
		{DF780A20-8704-41B1-955B-59CF64950B14}.Debug|Any CPU.ActiveCfg = Debug|Any CPU
		{DF780A20-8704-41B1-955B-59CF64950B14}.Debug|Any CPU.Build.0 = Debug|Any CPU
		{DF780A20-8704-41B1-955B-59CF64950B14}.Release|Any CPU.ActiveCfg = Release|Any CPU
		{DF780A20-8704-41B1-955B-59CF64950B14}.Release|Any CPU.Build.0 = Release|Any CPU
	EndGlobalSection
	GlobalSection(SolutionProperties) = preSolution
		HideSolutionNode = FALSE
	EndGlobalSection
EndGlobal
