
Microsoft Visual Studio Solution File, Format Version 11.00
# Visual Studio 2010
Project("{FAE04EC0-301F-11D3-BF4B-00C04F79EFBC}") = "Cuemon.Web", "Cuemon.Web\Cuemon.Web.csproj", "{3B7C19D2-D09B-4F8A-BE18-0A755971C0B3}"
EndProject
Global
	GlobalSection(TeamFoundationVersionControl) = preSolution
		SccNumberOfProjects = 2
		SccEnterpriseProvider = {4CA58AB2-18FA-4F8D-95D4-32DDF27D184C}
		SccTeamFoundationServer = http://quagmire:8080/tfs/muchmorecollection
		SccLocalPath0 = .
		SccProjectUniqueName1 = Cuemon.Web\\Cuemon.Web.csproj
		SccProjectName1 = Cuemon.Web
		SccLocalPath1 = Cuemon.Web
	EndGlobalSection
	GlobalSection(SolutionConfigurationPlatforms) = preSolution
		Debug|Any CPU = Debug|Any CPU
		Release|Any CPU = Release|Any CPU
	EndGlobalSection
	GlobalSection(ProjectConfigurationPlatforms) = postSolution
		{3B7C19D2-D09B-4F8A-BE18-0A755971C0B3}.Debug|Any CPU.ActiveCfg = Debug|Any CPU
		{3B7C19D2-D09B-4F8A-BE18-0A755971C0B3}.Debug|Any CPU.Build.0 = Debug|Any CPU
		{3B7C19D2-D09B-4F8A-BE18-0A755971C0B3}.Release|Any CPU.ActiveCfg = Release|Any CPU
		{3B7C19D2-D09B-4F8A-BE18-0A755971C0B3}.Release|Any CPU.Build.0 = Release|Any CPU
	EndGlobalSection
	GlobalSection(SolutionProperties) = preSolution
		HideSolutionNode = FALSE
	EndGlobalSection
EndGlobal
